
Microsoft Visual Studio Solution File, Format Version 12.00
# Visual Studio Version 16
VisualStudioVersion = 16.0.31313.79
MinimumVisualStudioVersion = 10.0.40219.1
Project("{9A19103F-16F7-4668-BE54-9A1E7A4F7556}") = "DotaGrid.DataAccess", "DotaGrid.DataAccess\DotaGrid.DataAccess.csproj", "{43ACCB02-7091-445F-AE1B-2E3DD6BAE9D8}"
EndProject
Project("{9A19103F-16F7-4668-BE54-9A1E7A4F7556}") = "DotaGrid.DataAccess.Maintenance", "DotaGrid.DataAccess.Maintenance\DotaGrid.DataAccess.Maintenance.csproj", "{F45BE361-2083-495E-A24D-8C00226FCDE4}"
EndProject
Project("{9A19103F-16F7-4668-BE54-9A1E7A4F7556}") = "DotaGrid.model", "DotaGrid.model\DotaGrid.model.csproj", "{05B43817-14BA-4767-982B-CF8738F4B87D}"
EndProject
Project("{FAE04EC0-301F-11D3-BF4B-00C04F79EFBC}") = "DotaGrid.App", "DotaGrid.App\DotaGrid.App.csproj", "{B55EB2D1-9BE9-402C-A9FD-E8513125911A}"
EndProject
Project("{9A19103F-16F7-4668-BE54-9A1E7A4F7556}") = "DotaGrid.App.Core", "DotaGrid.App.Core\DotaGrid.App.Core.csproj", "{67E27862-88A3-4EA2-8C10-A8F945D1CDD2}"
EndProject
Global
	GlobalSection(SolutionConfigurationPlatforms) = preSolution
		Debug|Any CPU = Debug|Any CPU
		Debug|ARM = Debug|ARM
		Debug|ARM64 = Debug|ARM64
		Debug|x64 = Debug|x64
		Debug|x86 = Debug|x86
		Release|Any CPU = Release|Any CPU
		Release|ARM = Release|ARM
		Release|ARM64 = Release|ARM64
		Release|x64 = Release|x64
		Release|x86 = Release|x86
	EndGlobalSection
	GlobalSection(ProjectConfigurationPlatforms) = postSolution
		{43ACCB02-7091-445F-AE1B-2E3DD6BAE9D8}.Debug|Any CPU.ActiveCfg = Debug|Any CPU
		{43ACCB02-7091-445F-AE1B-2E3DD6BAE9D8}.Debug|Any CPU.Build.0 = Debug|Any CPU
		{43ACCB02-7091-445F-AE1B-2E3DD6BAE9D8}.Debug|ARM.ActiveCfg = Debug|Any CPU
		{43ACCB02-7091-445F-AE1B-2E3DD6BAE9D8}.Debug|ARM.Build.0 = Debug|Any CPU
		{43ACCB02-7091-445F-AE1B-2E3DD6BAE9D8}.Debug|ARM64.ActiveCfg = Debug|Any CPU
		{43ACCB02-7091-445F-AE1B-2E3DD6BAE9D8}.Debug|ARM64.Build.0 = Debug|Any CPU
		{43ACCB02-7091-445F-AE1B-2E3DD6BAE9D8}.Debug|x64.ActiveCfg = Debug|Any CPU
		{43ACCB02-7091-445F-AE1B-2E3DD6BAE9D8}.Debug|x64.Build.0 = Debug|Any CPU
		{43ACCB02-7091-445F-AE1B-2E3DD6BAE9D8}.Debug|x86.ActiveCfg = Debug|Any CPU
		{43ACCB02-7091-445F-AE1B-2E3DD6BAE9D8}.Debug|x86.Build.0 = Debug|Any CPU
		{43ACCB02-7091-445F-AE1B-2E3DD6BAE9D8}.Release|Any CPU.ActiveCfg = Release|Any CPU
		{43ACCB02-7091-445F-AE1B-2E3DD6BAE9D8}.Release|Any CPU.Build.0 = Release|Any CPU
		{43ACCB02-7091-445F-AE1B-2E3DD6BAE9D8}.Release|ARM.ActiveCfg = Release|Any CPU
		{43ACCB02-7091-445F-AE1B-2E3DD6BAE9D8}.Release|ARM.Build.0 = Release|Any CPU
		{43ACCB02-7091-445F-AE1B-2E3DD6BAE9D8}.Release|ARM64.ActiveCfg = Release|Any CPU
		{43ACCB02-7091-445F-AE1B-2E3DD6BAE9D8}.Release|ARM64.Build.0 = Release|Any CPU
		{43ACCB02-7091-445F-AE1B-2E3DD6BAE9D8}.Release|x64.ActiveCfg = Release|Any CPU
		{43ACCB02-7091-445F-AE1B-2E3DD6BAE9D8}.Release|x64.Build.0 = Release|Any CPU
		{43ACCB02-7091-445F-AE1B-2E3DD6BAE9D8}.Release|x86.ActiveCfg = Release|Any CPU
		{43ACCB02-7091-445F-AE1B-2E3DD6BAE9D8}.Release|x86.Build.0 = Release|Any CPU
		{F45BE361-2083-495E-A24D-8C00226FCDE4}.Debug|Any CPU.ActiveCfg = Debug|Any CPU
		{F45BE361-2083-495E-A24D-8C00226FCDE4}.Debug|Any CPU.Build.0 = Debug|Any CPU
		{F45BE361-2083-495E-A24D-8C00226FCDE4}.Debug|ARM.ActiveCfg = Debug|Any CPU
		{F45BE361-2083-495E-A24D-8C00226FCDE4}.Debug|ARM.Build.0 = Debug|Any CPU
		{F45BE361-2083-495E-A24D-8C00226FCDE4}.Debug|ARM64.ActiveCfg = Debug|Any CPU
		{F45BE361-2083-495E-A24D-8C00226FCDE4}.Debug|ARM64.Build.0 = Debug|Any CPU
		{F45BE361-2083-495E-A24D-8C00226FCDE4}.Debug|x64.ActiveCfg = Debug|Any CPU
		{F45BE361-2083-495E-A24D-8C00226FCDE4}.Debug|x64.Build.0 = Debug|Any CPU
		{F45BE361-2083-495E-A24D-8C00226FCDE4}.Debug|x86.ActiveCfg = Debug|Any CPU
		{F45BE361-2083-495E-A24D-8C00226FCDE4}.Debug|x86.Build.0 = Debug|Any CPU
		{F45BE361-2083-495E-A24D-8C00226FCDE4}.Release|Any CPU.ActiveCfg = Release|Any CPU
		{F45BE361-2083-495E-A24D-8C00226FCDE4}.Release|Any CPU.Build.0 = Release|Any CPU
		{F45BE361-2083-495E-A24D-8C00226FCDE4}.Release|ARM.ActiveCfg = Release|Any CPU
		{F45BE361-2083-495E-A24D-8C00226FCDE4}.Release|ARM.Build.0 = Release|Any CPU
		{F45BE361-2083-495E-A24D-8C00226FCDE4}.Release|ARM64.ActiveCfg = Release|Any CPU
		{F45BE361-2083-495E-A24D-8C00226FCDE4}.Release|ARM64.Build.0 = Release|Any CPU
		{F45BE361-2083-495E-A24D-8C00226FCDE4}.Release|x64.ActiveCfg = Release|Any CPU
		{F45BE361-2083-495E-A24D-8C00226FCDE4}.Release|x64.Build.0 = Release|Any CPU
		{F45BE361-2083-495E-A24D-8C00226FCDE4}.Release|x86.ActiveCfg = Release|Any CPU
		{F45BE361-2083-495E-A24D-8C00226FCDE4}.Release|x86.Build.0 = Release|Any CPU
		{05B43817-14BA-4767-982B-CF8738F4B87D}.Debug|Any CPU.ActiveCfg = Debug|Any CPU
		{05B43817-14BA-4767-982B-CF8738F4B87D}.Debug|Any CPU.Build.0 = Debug|Any CPU
		{05B43817-14BA-4767-982B-CF8738F4B87D}.Debug|ARM.ActiveCfg = Debug|Any CPU
		{05B43817-14BA-4767-982B-CF8738F4B87D}.Debug|ARM.Build.0 = Debug|Any CPU
		{05B43817-14BA-4767-982B-CF8738F4B87D}.Debug|ARM64.ActiveCfg = Debug|Any CPU
		{05B43817-14BA-4767-982B-CF8738F4B87D}.Debug|ARM64.Build.0 = Debug|Any CPU
		{05B43817-14BA-4767-982B-CF8738F4B87D}.Debug|x64.ActiveCfg = Debug|Any CPU
		{05B43817-14BA-4767-982B-CF8738F4B87D}.Debug|x64.Build.0 = Debug|Any CPU
		{05B43817-14BA-4767-982B-CF8738F4B87D}.Debug|x86.ActiveCfg = Debug|Any CPU
		{05B43817-14BA-4767-982B-CF8738F4B87D}.Debug|x86.Build.0 = Debug|Any CPU
		{05B43817-14BA-4767-982B-CF8738F4B87D}.Release|Any CPU.ActiveCfg = Release|Any CPU
		{05B43817-14BA-4767-982B-CF8738F4B87D}.Release|Any CPU.Build.0 = Release|Any CPU
		{05B43817-14BA-4767-982B-CF8738F4B87D}.Release|ARM.ActiveCfg = Release|Any CPU
		{05B43817-14BA-4767-982B-CF8738F4B87D}.Release|ARM.Build.0 = Release|Any CPU
		{05B43817-14BA-4767-982B-CF8738F4B87D}.Release|ARM64.ActiveCfg = Release|Any CPU
		{05B43817-14BA-4767-982B-CF8738F4B87D}.Release|ARM64.Build.0 = Release|Any CPU
		{05B43817-14BA-4767-982B-CF8738F4B87D}.Release|x64.ActiveCfg = Release|Any CPU
		{05B43817-14BA-4767-982B-CF8738F4B87D}.Release|x64.Build.0 = Release|Any CPU
		{05B43817-14BA-4767-982B-CF8738F4B87D}.Release|x86.ActiveCfg = Release|Any CPU
		{05B43817-14BA-4767-982B-CF8738F4B87D}.Release|x86.Build.0 = Release|Any CPU
		{B55EB2D1-9BE9-402C-A9FD-E8513125911A}.Debug|Any CPU.ActiveCfg = Debug|x86
		{B55EB2D1-9BE9-402C-A9FD-E8513125911A}.Debug|ARM.ActiveCfg = Debug|ARM
		{B55EB2D1-9BE9-402C-A9FD-E8513125911A}.Debug|ARM.Build.0 = Debug|ARM
		{B55EB2D1-9BE9-402C-A9FD-E8513125911A}.Debug|ARM.Deploy.0 = Debug|ARM
		{B55EB2D1-9BE9-402C-A9FD-E8513125911A}.Debug|ARM64.ActiveCfg = Debug|ARM64
		{B55EB2D1-9BE9-402C-A9FD-E8513125911A}.Debug|ARM64.Build.0 = Debug|ARM64
		{B55EB2D1-9BE9-402C-A9FD-E8513125911A}.Debug|ARM64.Deploy.0 = Debug|ARM64
		{B55EB2D1-9BE9-402C-A9FD-E8513125911A}.Debug|x64.ActiveCfg = Debug|x64
		{B55EB2D1-9BE9-402C-A9FD-E8513125911A}.Debug|x64.Build.0 = Debug|x64
		{B55EB2D1-9BE9-402C-A9FD-E8513125911A}.Debug|x64.Deploy.0 = Debug|x64
		{B55EB2D1-9BE9-402C-A9FD-E8513125911A}.Debug|x86.ActiveCfg = Debug|x86
		{B55EB2D1-9BE9-402C-A9FD-E8513125911A}.Debug|x86.Build.0 = Debug|x86
		{B55EB2D1-9BE9-402C-A9FD-E8513125911A}.Debug|x86.Deploy.0 = Debug|x86
		{B55EB2D1-9BE9-402C-A9FD-E8513125911A}.Release|Any CPU.ActiveCfg = Release|x86
		{B55EB2D1-9BE9-402C-A9FD-E8513125911A}.Release|ARM.ActiveCfg = Release|ARM
		{B55EB2D1-9BE9-402C-A9FD-E8513125911A}.Release|ARM.Build.0 = Release|ARM
		{B55EB2D1-9BE9-402C-A9FD-E8513125911A}.Release|ARM.Deploy.0 = Release|ARM
		{B55EB2D1-9BE9-402C-A9FD-E8513125911A}.Release|ARM64.ActiveCfg = Release|ARM64
		{B55EB2D1-9BE9-402C-A9FD-E8513125911A}.Release|ARM64.Build.0 = Release|ARM64
		{B55EB2D1-9BE9-402C-A9FD-E8513125911A}.Release|ARM64.Deploy.0 = Release|ARM64
		{B55EB2D1-9BE9-402C-A9FD-E8513125911A}.Release|x64.ActiveCfg = Release|x64
		{B55EB2D1-9BE9-402C-A9FD-E8513125911A}.Release|x64.Build.0 = Release|x64
		{B55EB2D1-9BE9-402C-A9FD-E8513125911A}.Release|x64.Deploy.0 = Release|x64
		{B55EB2D1-9BE9-402C-A9FD-E8513125911A}.Release|x86.ActiveCfg = Release|x86
		{B55EB2D1-9BE9-402C-A9FD-E8513125911A}.Release|x86.Build.0 = Release|x86
		{B55EB2D1-9BE9-402C-A9FD-E8513125911A}.Release|x86.Deploy.0 = Release|x86
		{67E27862-88A3-4EA2-8C10-A8F945D1CDD2}.Debug|Any CPU.ActiveCfg = Debug|Any CPU
		{67E27862-88A3-4EA2-8C10-A8F945D1CDD2}.Debug|Any CPU.Build.0 = Debug|Any CPU
		{67E27862-88A3-4EA2-8C10-A8F945D1CDD2}.Debug|ARM.ActiveCfg = Debug|Any CPU
		{67E27862-88A3-4EA2-8C10-A8F945D1CDD2}.Debug|ARM.Build.0 = Debug|Any CPU
		{67E27862-88A3-4EA2-8C10-A8F945D1CDD2}.Debug|ARM64.ActiveCfg = Debug|Any CPU
		{67E27862-88A3-4EA2-8C10-A8F945D1CDD2}.Debug|ARM64.Build.0 = Debug|Any CPU
		{67E27862-88A3-4EA2-8C10-A8F945D1CDD2}.Debug|x64.ActiveCfg = Debug|Any CPU
		{67E27862-88A3-4EA2-8C10-A8F945D1CDD2}.Debug|x64.Build.0 = Debug|Any CPU
		{67E27862-88A3-4EA2-8C10-A8F945D1CDD2}.Debug|x86.ActiveCfg = Debug|Any CPU
		{67E27862-88A3-4EA2-8C10-A8F945D1CDD2}.Debug|x86.Build.0 = Debug|Any CPU
		{67E27862-88A3-4EA2-8C10-A8F945D1CDD2}.Release|Any CPU.ActiveCfg = Release|Any CPU
		{67E27862-88A3-4EA2-8C10-A8F945D1CDD2}.Release|Any CPU.Build.0 = Release|Any CPU
		{67E27862-88A3-4EA2-8C10-A8F945D1CDD2}.Release|ARM.ActiveCfg = Release|Any CPU
		{67E27862-88A3-4EA2-8C10-A8F945D1CDD2}.Release|ARM.Build.0 = Release|Any CPU
		{67E27862-88A3-4EA2-8C10-A8F945D1CDD2}.Release|ARM64.ActiveCfg = Release|Any CPU
		{67E27862-88A3-4EA2-8C10-A8F945D1CDD2}.Release|ARM64.Build.0 = Release|Any CPU
		{67E27862-88A3-4EA2-8C10-A8F945D1CDD2}.Release|x64.ActiveCfg = Release|Any CPU
		{67E27862-88A3-4EA2-8C10-A8F945D1CDD2}.Release|x64.Build.0 = Release|Any CPU
		{67E27862-88A3-4EA2-8C10-A8F945D1CDD2}.Release|x86.ActiveCfg = Release|Any CPU
		{67E27862-88A3-4EA2-8C10-A8F945D1CDD2}.Release|x86.Build.0 = Release|Any CPU
	EndGlobalSection
	GlobalSection(SolutionProperties) = preSolution
		HideSolutionNode = FALSE
	EndGlobalSection
	GlobalSection(ExtensibilityGlobals) = postSolution
		SolutionGuid = {F7F29D35-D10F-4B66-9C38-8BC1CE7E3C6A}
	EndGlobalSection
EndGlobal
